// !$*UTF8*$!
{
	archiveVersion = 1;
	classes = {
	};
	objectVersion = 46;
	objects = {

/* Begin PBXBuildFile section */
		0C1E8A0E1D6A9A5E005B42E3 /* Info.plist in Resources */ = {isa = PBXBuildFile; fileRef = 0C1E89FE1D6A998B005B42E3 /* Info.plist */; };
		0C35C3FC1D6B316D00686F78 /* CLevelDB.framework in Frameworks */ = {isa = PBXBuildFile; fileRef = 0C35C3FB1D6B316D00686F78 /* CLevelDB.framework */; };
		0C4F5EFC1D6CC09800BEE4AE /* AppDelegate.m in Sources */ = {isa = PBXBuildFile; fileRef = 0C4F5EF51D6CC09800BEE4AE /* AppDelegate.m */; };
		0C4F5EFD1D6CC09800BEE4AE /* Info.plist in Resources */ = {isa = PBXBuildFile; fileRef = 0C4F5EF61D6CC09800BEE4AE /* Info.plist */; };
		0C4F5EFE1D6CC09800BEE4AE /* LaunchScreen.storyboard in Resources */ = {isa = PBXBuildFile; fileRef = 0C4F5EF71D6CC09800BEE4AE /* LaunchScreen.storyboard */; };
		0C4F5EFF1D6CC09800BEE4AE /* main.m in Sources */ = {isa = PBXBuildFile; fileRef = 0C4F5EF81D6CC09800BEE4AE /* main.m */; };
		0C4F5F001D6CC09800BEE4AE /* Main.storyboard in Resources */ = {isa = PBXBuildFile; fileRef = 0C4F5EF91D6CC09800BEE4AE /* Main.storyboard */; };
		0C4F5F011D6CC09800BEE4AE /* ViewController.m in Sources */ = {isa = PBXBuildFile; fileRef = 0C4F5EFB1D6CC09800BEE4AE /* ViewController.m */; };
		0CB6A8661D6CC25D0040B32F /* libObjectiveCLevelDB.a in Frameworks */ = {isa = PBXBuildFile; fileRef = 0CB6A8651D6CC25D0040B32F /* libObjectiveCLevelDB.a */; };
		0CB6A8681D6CC2B80040B32F /* BaseTestClass.m in Sources */ = {isa = PBXBuildFile; fileRef = 0C1E89FB1D6A998B005B42E3 /* BaseTestClass.m */; };
		0CB6A8691D6CC2BB0040B32F /* Dummy.cpp in Sources */ = {isa = PBXBuildFile; fileRef = 0C1E89FC1D6A998B005B42E3 /* Dummy.cpp */; };
		0CB6A86A1D6CC2BF0040B32F /* MainTests.m in Sources */ = {isa = PBXBuildFile; fileRef = 0C1E8A001D6A998B005B42E3 /* MainTests.m */; };
/* End PBXBuildFile section */

/* Begin PBXContainerItemProxy section */
		0C8B23C91D652E680087AD72 /* PBXContainerItemProxy */ = {
			isa = PBXContainerItemProxy;
			containerPortal = 0C8B23A71D652E680087AD72 /* Project object */;
			proxyType = 1;
			remoteGlobalIDString = 0C8B23AE1D652E680087AD72;
			remoteInfo = ObjectiveCLevelDBTest;
		};
/* End PBXContainerItemProxy section */

/* Begin PBXFileReference section */
		0C1E89FA1D6A998B005B42E3 /* BaseTestClass.h */ = {isa = PBXFileReference; fileEncoding = 4; lastKnownFileType = sourcecode.c.h; name = BaseTestClass.h; path = ObjectiveCLevelDBAppTests/BaseTestClass.h; sourceTree = SOURCE_ROOT; };
		0C1E89FB1D6A998B005B42E3 /* BaseTestClass.m */ = {isa = PBXFileReference; fileEncoding = 4; lastKnownFileType = sourcecode.c.objc; name = BaseTestClass.m; path = ObjectiveCLevelDBAppTests/BaseTestClass.m; sourceTree = SOURCE_ROOT; };
		0C1E89FC1D6A998B005B42E3 /* Dummy.cpp */ = {isa = PBXFileReference; fileEncoding = 4; lastKnownFileType = sourcecode.cpp.cpp; name = Dummy.cpp; path = ObjectiveCLevelDBAppTests/Dummy.cpp; sourceTree = SOURCE_ROOT; };
		0C1E89FD1D6A998B005B42E3 /* Dummy.h */ = {isa = PBXFileReference; fileEncoding = 4; lastKnownFileType = sourcecode.c.h; name = Dummy.h; path = ObjectiveCLevelDBAppTests/Dummy.h; sourceTree = SOURCE_ROOT; };
		0C1E89FE1D6A998B005B42E3 /* Info.plist */ = {isa = PBXFileReference; fileEncoding = 4; lastKnownFileType = text.plist.xml; name = Info.plist; path = ObjectiveCLevelDBAppTests/Info.plist; sourceTree = SOURCE_ROOT; };
		0C1E89FF1D6A998B005B42E3 /* MainTests_mm.m */ = {isa = PBXFileReference; fileEncoding = 4; lastKnownFileType = sourcecode.c.objc; name = MainTests_mm.m; path = ObjectiveCLevelDBAppTests/MainTests_mm.m; sourceTree = SOURCE_ROOT; };
		0C1E8A001D6A998B005B42E3 /* MainTests.m */ = {isa = PBXFileReference; fileEncoding = 4; lastKnownFileType = sourcecode.c.objc; name = MainTests.m; path = ObjectiveCLevelDBAppTests/MainTests.m; sourceTree = SOURCE_ROOT; };
		0C1E8A011D6A998B005B42E3 /* ObjectiveCLevelDBAppTests.m */ = {isa = PBXFileReference; fileEncoding = 4; lastKnownFileType = sourcecode.c.objc; name = ObjectiveCLevelDBAppTests.m; path = ObjectiveCLevelDBAppTests/ObjectiveCLevelDBAppTests.m; sourceTree = SOURCE_ROOT; };
		0C35C3FB1D6B316D00686F78 /* CLevelDB.framework */ = {isa = PBXFileReference; lastKnownFileType = wrapper.framework; name = CLevelDB.framework; path = "../../Library/Developer/Xcode/DerivedData/ObjectiveCLevelDBApp-hihjqlbvzsvowbdqsorppylpdgkc/Build/Products/Debug-iphonesimulator/CLevelDB.framework"; sourceTree = "<group>"; };
		0C4F5EF41D6CC09800BEE4AE /* AppDelegate.h */ = {isa = PBXFileReference; fileEncoding = 4; lastKnownFileType = sourcecode.c.h; name = AppDelegate.h; path = ObjectiveCLevelDBApp/AppDelegate.h; sourceTree = "<group>"; };
		0C4F5EF51D6CC09800BEE4AE /* AppDelegate.m */ = {isa = PBXFileReference; fileEncoding = 4; lastKnownFileType = sourcecode.c.objc; name = AppDelegate.m; path = ObjectiveCLevelDBApp/AppDelegate.m; sourceTree = "<group>"; };
		0C4F5EF61D6CC09800BEE4AE /* Info.plist */ = {isa = PBXFileReference; fileEncoding = 4; lastKnownFileType = text.plist.xml; name = Info.plist; path = ObjectiveCLevelDBApp/Info.plist; sourceTree = "<group>"; };
		0C4F5EF71D6CC09800BEE4AE /* LaunchScreen.storyboard */ = {isa = PBXFileReference; fileEncoding = 4; lastKnownFileType = file.storyboard; name = LaunchScreen.storyboard; path = ObjectiveCLevelDBApp/LaunchScreen.storyboard; sourceTree = "<group>"; };
		0C4F5EF81D6CC09800BEE4AE /* main.m */ = {isa = PBXFileReference; fileEncoding = 4; lastKnownFileType = sourcecode.c.objc; name = main.m; path = ObjectiveCLevelDBApp/main.m; sourceTree = "<group>"; };
		0C4F5EF91D6CC09800BEE4AE /* Main.storyboard */ = {isa = PBXFileReference; fileEncoding = 4; lastKnownFileType = file.storyboard; name = Main.storyboard; path = ObjectiveCLevelDBApp/Main.storyboard; sourceTree = "<group>"; };
		0C4F5EFA1D6CC09800BEE4AE /* ViewController.h */ = {isa = PBXFileReference; fileEncoding = 4; lastKnownFileType = sourcecode.c.h; name = ViewController.h; path = ObjectiveCLevelDBApp/ViewController.h; sourceTree = "<group>"; };
		0C4F5EFB1D6CC09800BEE4AE /* ViewController.m */ = {isa = PBXFileReference; fileEncoding = 4; lastKnownFileType = sourcecode.c.objc; name = ViewController.m; path = ObjectiveCLevelDBApp/ViewController.m; sourceTree = "<group>"; };
		0C8B23AF1D652E680087AD72 /* ObjectiveCLevelDBApp.app */ = {isa = PBXFileReference; explicitFileType = wrapper.application; includeInIndex = 0; path = ObjectiveCLevelDBApp.app; sourceTree = BUILT_PRODUCTS_DIR; };
		0C8B23C81D652E680087AD72 /* ObjectiveCLevelDBApp.xctest */ = {isa = PBXFileReference; explicitFileType = wrapper.cfbundle; includeInIndex = 0; path = ObjectiveCLevelDBApp.xctest; sourceTree = BUILT_PRODUCTS_DIR; };
		0CB6A8651D6CC25D0040B32F /* libObjectiveCLevelDB.a */ = {isa = PBXFileReference; lastKnownFileType = archive.ar; name = libObjectiveCLevelDB.a; path = "../ObjectiveCLevelDB/build/Debug-iphoneos/libObjectiveCLevelDB.a"; sourceTree = "<group>"; };
/* End PBXFileReference section */

/* Begin PBXFrameworksBuildPhase section */
		0C8B23AC1D652E680087AD72 /* Frameworks */ = {
			isa = PBXFrameworksBuildPhase;
			buildActionMask = 2147483647;
			files = (
			);
			runOnlyForDeploymentPostprocessing = 0;
		};
		0C8B23C51D652E680087AD72 /* Frameworks */ = {
			isa = PBXFrameworksBuildPhase;
			buildActionMask = 2147483647;
			files = (
				0CB6A8661D6CC25D0040B32F /* libObjectiveCLevelDB.a in Frameworks */,
				0C35C3FC1D6B316D00686F78 /* CLevelDB.framework in Frameworks */,
			);
			runOnlyForDeploymentPostprocessing = 0;
		};
/* End PBXFrameworksBuildPhase section */

/* Begin PBXGroup section */
		0C0A94411D653B5200E00B3E /* Libraries */ = {
			isa = PBXGroup;
			children = (
				0CB6A8651D6CC25D0040B32F /* libObjectiveCLevelDB.a */,
				0C35C3FB1D6B316D00686F78 /* CLevelDB.framework */,
			);
			name = Libraries;
			sourceTree = "<group>";
		};
		0C8B23A61D652E680087AD72 = {
			isa = PBXGroup;
			children = (
				0C0A94411D653B5200E00B3E /* Libraries */,
				0C8B23D71D652EEF0087AD72 /* ObjectiveCLevelDB */,
				0C8B23CB1D652E680087AD72 /* ObjectiveCLevelDBAppTests */,
				0C8B23B01D652E680087AD72 /* Products */,
			);
			sourceTree = "<group>";
		};
		0C8B23B01D652E680087AD72 /* Products */ = {
			isa = PBXGroup;
			children = (
				0C8B23AF1D652E680087AD72 /* ObjectiveCLevelDBApp.app */,
				0C8B23C81D652E680087AD72 /* ObjectiveCLevelDBApp.xctest */,
			);
			name = Products;
			sourceTree = "<group>";
		};
		0C8B23CB1D652E680087AD72 /* ObjectiveCLevelDBAppTests */ = {
			isa = PBXGroup;
			children = (
				0C1E89FE1D6A998B005B42E3 /* Info.plist */,
				0C1E89FA1D6A998B005B42E3 /* BaseTestClass.h */,
				0C1E89FB1D6A998B005B42E3 /* BaseTestClass.m */,
				0C1E89FC1D6A998B005B42E3 /* Dummy.cpp */,
				0C1E89FD1D6A998B005B42E3 /* Dummy.h */,
				0C1E89FF1D6A998B005B42E3 /* MainTests_mm.m */,
				0C1E8A001D6A998B005B42E3 /* MainTests.m */,
				0C1E8A011D6A998B005B42E3 /* ObjectiveCLevelDBAppTests.m */,
			);
			name = ObjectiveCLevelDBAppTests;
			path = ObjectiveCLevelDBTestTests;
			sourceTree = "<group>";
		};
		0C8B23D71D652EEF0087AD72 /* ObjectiveCLevelDB */ = {
			isa = PBXGroup;
			children = (
				0C4F5EF41D6CC09800BEE4AE /* AppDelegate.h */,
				0C4F5EF51D6CC09800BEE4AE /* AppDelegate.m */,
				0C4F5EF61D6CC09800BEE4AE /* Info.plist */,
				0C4F5EF71D6CC09800BEE4AE /* LaunchScreen.storyboard */,
				0C4F5EF81D6CC09800BEE4AE /* main.m */,
				0C4F5EF91D6CC09800BEE4AE /* Main.storyboard */,
				0C4F5EFA1D6CC09800BEE4AE /* ViewController.h */,
				0C4F5EFB1D6CC09800BEE4AE /* ViewController.m */,
			);
			name = ObjectiveCLevelDB;
			sourceTree = "<group>";
		};
/* End PBXGroup section */

/* Begin PBXNativeTarget section */
		0C8B23AE1D652E680087AD72 /* ObjectiveCLevelDBApp */ = {
			isa = PBXNativeTarget;
			buildConfigurationList = 0C8B23D11D652E680087AD72 /* Build configuration list for PBXNativeTarget "ObjectiveCLevelDBApp" */;
			buildPhases = (
				0C8B23AB1D652E680087AD72 /* Sources */,
				0C8B23AC1D652E680087AD72 /* Frameworks */,
				0C8B23AD1D652E680087AD72 /* Resources */,
			);
			buildRules = (
			);
			dependencies = (
			);
			name = ObjectiveCLevelDBApp;
			productName = ObjectiveCLevelDBTest;
			productReference = 0C8B23AF1D652E680087AD72 /* ObjectiveCLevelDBApp.app */;
			productType = "com.apple.product-type.application";
		};
		0C8B23C71D652E680087AD72 /* ObjectiveCLevelDBAppTests */ = {
			isa = PBXNativeTarget;
			buildConfigurationList = 0C8B23D41D652E680087AD72 /* Build configuration list for PBXNativeTarget "ObjectiveCLevelDBAppTests" */;
			buildPhases = (
				0C8B23C41D652E680087AD72 /* Sources */,
				0C8B23C51D652E680087AD72 /* Frameworks */,
				0C8B23C61D652E680087AD72 /* Resources */,
			);
			buildRules = (
			);
			dependencies = (
				0C8B23CA1D652E680087AD72 /* PBXTargetDependency */,
			);
			name = ObjectiveCLevelDBAppTests;
			productName = ObjectiveCLevelDBTestTests;
			productReference = 0C8B23C81D652E680087AD72 /* ObjectiveCLevelDBApp.xctest */;
			productType = "com.apple.product-type.bundle.unit-test";
		};
/* End PBXNativeTarget section */

/* Begin PBXProject section */
		0C8B23A71D652E680087AD72 /* Project object */ = {
			isa = PBXProject;
			attributes = {
				LastUpgradeCheck = 0730;
				ORGANIZATIONNAME = "Amr Aboelela";
				TargetAttributes = {
					0C8B23AE1D652E680087AD72 = {
						CreatedOnToolsVersion = 7.3.1;
					};
					0C8B23C71D652E680087AD72 = {
						CreatedOnToolsVersion = 7.3.1;
						TestTargetID = 0C8B23AE1D652E680087AD72;
					};
				};
			};
			buildConfigurationList = 0C8B23AA1D652E680087AD72 /* Build configuration list for PBXProject "ObjectiveCLevelDBApp" */;
			compatibilityVersion = "Xcode 3.2";
			developmentRegion = English;
			hasScannedForEncodings = 0;
			knownRegions = (
				en,
				Base,
			);
			mainGroup = 0C8B23A61D652E680087AD72;
			productRefGroup = 0C8B23B01D652E680087AD72 /* Products */;
			projectDirPath = "";
			projectRoot = "";
			targets = (
				0C8B23AE1D652E680087AD72 /* ObjectiveCLevelDBApp */,
				0C8B23C71D652E680087AD72 /* ObjectiveCLevelDBAppTests */,
			);
		};
/* End PBXProject section */

/* Begin PBXResourcesBuildPhase section */
		0C8B23AD1D652E680087AD72 /* Resources */ = {
			isa = PBXResourcesBuildPhase;
			buildActionMask = 2147483647;
			files = (
				0C4F5F001D6CC09800BEE4AE /* Main.storyboard in Resources */,
				0C4F5EFD1D6CC09800BEE4AE /* Info.plist in Resources */,
				0C4F5EFE1D6CC09800BEE4AE /* LaunchScreen.storyboard in Resources */,
			);
			runOnlyForDeploymentPostprocessing = 0;
		};
		0C8B23C61D652E680087AD72 /* Resources */ = {
			isa = PBXResourcesBuildPhase;
			buildActionMask = 2147483647;
			files = (
				0C1E8A0E1D6A9A5E005B42E3 /* Info.plist in Resources */,
			);
			runOnlyForDeploymentPostprocessing = 0;
		};
/* End PBXResourcesBuildPhase section */

/* Begin PBXSourcesBuildPhase section */
		0C8B23AB1D652E680087AD72 /* Sources */ = {
			isa = PBXSourcesBuildPhase;
			buildActionMask = 2147483647;
			files = (
				0C4F5F011D6CC09800BEE4AE /* ViewController.m in Sources */,
				0C4F5EFF1D6CC09800BEE4AE /* main.m in Sources */,
				0C4F5EFC1D6CC09800BEE4AE /* AppDelegate.m in Sources */,
			);
			runOnlyForDeploymentPostprocessing = 0;
		};
		0C8B23C41D652E680087AD72 /* Sources */ = {
			isa = PBXSourcesBuildPhase;
			buildActionMask = 2147483647;
			files = (
				0CB6A8681D6CC2B80040B32F /* BaseTestClass.m in Sources */,
				0CB6A86A1D6CC2BF0040B32F /* MainTests.m in Sources */,
				0CB6A8691D6CC2BB0040B32F /* Dummy.cpp in Sources */,
			);
			runOnlyForDeploymentPostprocessing = 0;
		};
/* End PBXSourcesBuildPhase section */

/* Begin PBXTargetDependency section */
		0C8B23CA1D652E680087AD72 /* PBXTargetDependency */ = {
			isa = PBXTargetDependency;
			target = 0C8B23AE1D652E680087AD72 /* ObjectiveCLevelDBApp */;
			targetProxy = 0C8B23C91D652E680087AD72 /* PBXContainerItemProxy */;
		};
/* End PBXTargetDependency section */

/* Begin XCBuildConfiguration section */
		0C8B23CF1D652E680087AD72 /* Debug */ = {
			isa = XCBuildConfiguration;
			buildSettings = {
				ALWAYS_SEARCH_USER_PATHS = NO;
				CLANG_ANALYZER_NONNULL = YES;
				CLANG_CXX_LANGUAGE_STANDARD = "gnu++0x";
				CLANG_CXX_LIBRARY = "libc++";
				CLANG_ENABLE_MODULES = YES;
				CLANG_ENABLE_OBJC_ARC = YES;
				CLANG_WARN_BOOL_CONVERSION = YES;
				CLANG_WARN_CONSTANT_CONVERSION = YES;
				CLANG_WARN_DIRECT_OBJC_ISA_USAGE = YES_ERROR;
				CLANG_WARN_EMPTY_BODY = YES;
				CLANG_WARN_ENUM_CONVERSION = YES;
				CLANG_WARN_INT_CONVERSION = YES;
				CLANG_WARN_OBJC_ROOT_CLASS = YES_ERROR;
				CLANG_WARN_UNREACHABLE_CODE = YES;
				CLANG_WARN__DUPLICATE_METHOD_MATCH = YES;
				"CODE_SIGN_IDENTITY[sdk=iphoneos*]" = "iPhone Developer";
				COPY_PHASE_STRIP = NO;
				DEBUG_INFORMATION_FORMAT = dwarf;
				ENABLE_STRICT_OBJC_MSGSEND = YES;
				ENABLE_TESTABILITY = YES;
				GCC_C_LANGUAGE_STANDARD = gnu99;
				GCC_DYNAMIC_NO_PIC = NO;
				GCC_NO_COMMON_BLOCKS = YES;
				GCC_OPTIMIZATION_LEVEL = 0;
				GCC_PREPROCESSOR_DEFINITIONS = (
					"DEBUG=1",
					"$(inherited)",
				);
				GCC_WARN_64_TO_32_BIT_CONVERSION = YES;
				GCC_WARN_ABOUT_RETURN_TYPE = YES_ERROR;
				GCC_WARN_UNDECLARED_SELECTOR = YES;
				GCC_WARN_UNINITIALIZED_AUTOS = YES_AGGRESSIVE;
				GCC_WARN_UNUSED_FUNCTION = YES;
				GCC_WARN_UNUSED_VARIABLE = YES;
				IPHONEOS_DEPLOYMENT_TARGET = 9.3;
				MTL_ENABLE_DEBUG_INFO = YES;
				ONLY_ACTIVE_ARCH = YES;
				SDKROOT = iphoneos;
				TARGETED_DEVICE_FAMILY = "1,2";
			};
			name = Debug;
		};
		0C8B23D01D652E680087AD72 /* Release */ = {
			isa = XCBuildConfiguration;
			buildSettings = {
				ALWAYS_SEARCH_USER_PATHS = NO;
				CLANG_ANALYZER_NONNULL = YES;
				CLANG_CXX_LANGUAGE_STANDARD = "gnu++0x";
				CLANG_CXX_LIBRARY = "libc++";
				CLANG_ENABLE_MODULES = YES;
				CLANG_ENABLE_OBJC_ARC = YES;
				CLANG_WARN_BOOL_CONVERSION = YES;
				CLANG_WARN_CONSTANT_CONVERSION = YES;
				CLANG_WARN_DIRECT_OBJC_ISA_USAGE = YES_ERROR;
				CLANG_WARN_EMPTY_BODY = YES;
				CLANG_WARN_ENUM_CONVERSION = YES;
				CLANG_WARN_INT_CONVERSION = YES;
				CLANG_WARN_OBJC_ROOT_CLASS = YES_ERROR;
				CLANG_WARN_UNREACHABLE_CODE = YES;
				CLANG_WARN__DUPLICATE_METHOD_MATCH = YES;
				"CODE_SIGN_IDENTITY[sdk=iphoneos*]" = "iPhone Developer";
				COPY_PHASE_STRIP = NO;
				DEBUG_INFORMATION_FORMAT = "dwarf-with-dsym";
				ENABLE_NS_ASSERTIONS = NO;
				ENABLE_STRICT_OBJC_MSGSEND = YES;
				GCC_C_LANGUAGE_STANDARD = gnu99;
				GCC_NO_COMMON_BLOCKS = YES;
				GCC_WARN_64_TO_32_BIT_CONVERSION = YES;
				GCC_WARN_ABOUT_RETURN_TYPE = YES_ERROR;
				GCC_WARN_UNDECLARED_SELECTOR = YES;
				GCC_WARN_UNINITIALIZED_AUTOS = YES_AGGRESSIVE;
				GCC_WARN_UNUSED_FUNCTION = YES;
				GCC_WARN_UNUSED_VARIABLE = YES;
				IPHONEOS_DEPLOYMENT_TARGET = 9.3;
				MTL_ENABLE_DEBUG_INFO = NO;
				SDKROOT = iphoneos;
				TARGETED_DEVICE_FAMILY = "1,2";
				VALIDATE_PRODUCT = YES;
			};
			name = Release;
		};
		0C8B23D21D652E680087AD72 /* Debug */ = {
			isa = XCBuildConfiguration;
			buildSettings = {
				ALWAYS_SEARCH_USER_PATHS = YES;
				ASSETCATALOG_COMPILER_APPICON_NAME = AppIcon;
				CLANG_CXX_LANGUAGE_STANDARD = "compiler-default";
				CLANG_CXX_LIBRARY = "compiler-default";
				HEADER_SEARCH_PATHS = $SRCROOT/../ObjectiveCLevelDB/Sources;
				INFOPLIST_FILE = ObjectiveCLevelDBApp/Info.plist;
				LD_RUNPATH_SEARCH_PATHS = "$(inherited) @executable_path/Frameworks";
				LIBRARY_SEARCH_PATHS = "";
				PRODUCT_BUNDLE_IDENTIFIER = com.amr.ObjectiveCLevelDBTest;
				PRODUCT_NAME = ObjectiveCLevelDBApp;
			};
			name = Debug;
		};
		0C8B23D31D652E680087AD72 /* Release */ = {
			isa = XCBuildConfiguration;
			buildSettings = {
				ALWAYS_SEARCH_USER_PATHS = YES;
				ASSETCATALOG_COMPILER_APPICON_NAME = AppIcon;
				CLANG_CXX_LANGUAGE_STANDARD = "compiler-default";
				CLANG_CXX_LIBRARY = "compiler-default";
				HEADER_SEARCH_PATHS = $SRCROOT/../ObjectiveCLevelDB/Sources;
				INFOPLIST_FILE = ObjectiveCLevelDBApp/Info.plist;
				LD_RUNPATH_SEARCH_PATHS = "$(inherited) @executable_path/Frameworks";
				LIBRARY_SEARCH_PATHS = "";
				PRODUCT_BUNDLE_IDENTIFIER = com.amr.ObjectiveCLevelDBTest;
				PRODUCT_NAME = ObjectiveCLevelDBApp;
			};
			name = Release;
		};
		0C8B23D51D652E680087AD72 /* Debug */ = {
			isa = XCBuildConfiguration;
			buildSettings = {
				BUNDLE_LOADER = "$(TEST_HOST)";
				HEADER_SEARCH_PATHS = $SRCROOT/../ObjectiveCLevelDB/Sources;
				INFOPLIST_FILE = ObjectiveCLevelDBAppTests/Info.plist;
				LD_RUNPATH_SEARCH_PATHS = "$(inherited) @executable_path/Frameworks @loader_path/Frameworks";
				PRODUCT_BUNDLE_IDENTIFIER = com.amr.ObjectiveCLevelDBAppTests;
				PRODUCT_NAME = ObjectiveCLevelDBApp;
				TEST_HOST = "$(BUILT_PRODUCTS_DIR)/ObjectiveCLevelDBApp.app/ObjectiveCLevelDBApp";
			};
			name = Debug;
		};
		0C8B23D61D652E680087AD72 /* Release */ = {
			isa = XCBuildConfiguration;
			buildSettings = {
				BUNDLE_LOADER = "$(TEST_HOST)";
				HEADER_SEARCH_PATHS = $SRCROOT/../ObjectiveCLevelDB/Sources;
				INFOPLIST_FILE = ObjectiveCLevelDBAppTests/Info.plist;
				LD_RUNPATH_SEARCH_PATHS = "$(inherited) @executable_path/Frameworks @loader_path/Frameworks";
				PRODUCT_BUNDLE_IDENTIFIER = com.amr.ObjectiveCLevelDBAppTests;
				PRODUCT_NAME = ObjectiveCLevelDBApp;
				TEST_HOST = "$(BUILT_PRODUCTS_DIR)/ObjectiveCLevelDBApp.app/ObjectiveCLevelDBApp";
			};
			name = Release;
		};
/* End XCBuildConfiguration section */

/* Begin XCConfigurationList section */
		0C8B23AA1D652E680087AD72 /* Build configuration list for PBXProject "ObjectiveCLevelDBApp" */ = {
			isa = XCConfigurationList;
			buildConfigurations = (
				0C8B23CF1D652E680087AD72 /* Debug */,
				0C8B23D01D652E680087AD72 /* Release */,
			);
			defaultConfigurationIsVisible = 0;
			defaultConfigurationName = Release;
		};
		0C8B23D11D652E680087AD72 /* Build configuration list for PBXNativeTarget "ObjectiveCLevelDBApp" */ = {
			isa = XCConfigurationList;
			buildConfigurations = (
				0C8B23D21D652E680087AD72 /* Debug */,
				0C8B23D31D652E680087AD72 /* Release */,
			);
			defaultConfigurationIsVisible = 0;
			defaultConfigurationName = Release;
		};
		0C8B23D41D652E680087AD72 /* Build configuration list for PBXNativeTarget "ObjectiveCLevelDBAppTests" */ = {
			isa = XCConfigurationList;
			buildConfigurations = (
				0C8B23D51D652E680087AD72 /* Debug */,
				0C8B23D61D652E680087AD72 /* Release */,
			);
			defaultConfigurationIsVisible = 0;
			defaultConfigurationName = Release;
		};
/* End XCConfigurationList section */
	};
	rootObject = 0C8B23A71D652E680087AD72 /* Project object */;
}
